
Microsoft Visual Studio Solution File, Format Version 12.00
# Visual Studio Version 17
VisualStudioVersion = 17.4.33122.133
MinimumVisualStudioVersion = 10.0.40219.1
Project("{FAE04EC0-301F-11D3-BF4B-00C04F79EFBC}") = "TestCodeCamp", "TestCodeCamp\TestCodeCamp.csproj", "{7E567FA9-F68C-4B00-BF5B-A30EB95D0352}"
EndProject
Global
	GlobalSection(SolutionConfigurationPlatforms) = preSolution
		Debug|Any CPU = Debug|Any CPU
		Release|Any CPU = Release|Any CPU
	EndGlobalSection
	GlobalSection(ProjectConfigurationPlatforms) = postSolution
		{7E567FA9-F68C-4B00-BF5B-A30EB95D0352}.Debug|Any CPU.ActiveCfg = Debug|Any CPU
		{7E567FA9-F68C-4B00-BF5B-A30EB95D0352}.Debug|Any CPU.Build.0 = Debug|Any CPU
		{7E567FA9-F68C-4B00-BF5B-A30EB95D0352}.Release|Any CPU.ActiveCfg = Release|Any CPU
		{7E567FA9-F68C-4B00-BF5B-A30EB95D0352}.Release|Any CPU.Build.0 = Release|Any CPU
	EndGlobalSection
	GlobalSection(SolutionProperties) = preSolution
		HideSolutionNode = FALSE
	EndGlobalSection
	GlobalSection(ExtensibilityGlobals) = postSolution
		SolutionGuid = {3E0A9A90-074E-4E55-840A-F663A86444D6}
	EndGlobalSection
EndGlobal
